
Microsoft Visual Studio Solution File, Format Version 12.00
# Visual Studio 15
VisualStudioVersion = 15.0.27703.2042
MinimumVisualStudioVersion = 10.0.40219.1
Project("{FAE04EC0-301F-11D3-BF4B-00C04F79EFBC}") = "SortingHacks", "SortingHacks\SortingHacks.csproj", "{7C2FCB1F-6B16-43B2-9D67-B5AD5FAF2FAE}"
EndProject
Global
	GlobalSection(SolutionConfigurationPlatforms) = preSolution
		Debug|Any CPU = Debug|Any CPU
		Release|Any CPU = Release|Any CPU
	EndGlobalSection
	GlobalSection(ProjectConfigurationPlatforms) = postSolution
		{7C2FCB1F-6B16-43B2-9D67-B5AD5FAF2FAE}.Debug|Any CPU.ActiveCfg = Debug|Any CPU
		{7C2FCB1F-6B16-43B2-9D67-B5AD5FAF2FAE}.Debug|Any CPU.Build.0 = Debug|Any CPU
		{7C2FCB1F-6B16-43B2-9D67-B5AD5FAF2FAE}.Release|Any CPU.ActiveCfg = Release|Any CPU
		{7C2FCB1F-6B16-43B2-9D67-B5AD5FAF2FAE}.Release|Any CPU.Build.0 = Release|Any CPU
	EndGlobalSection
	GlobalSection(SolutionProperties) = preSolution
		HideSolutionNode = FALSE
	EndGlobalSection
	GlobalSection(ExtensibilityGlobals) = postSolution
		SolutionGuid = {E2BFC19D-EDF6-4273-8049-C6229614CC8A}
	EndGlobalSection
EndGlobal
