
Microsoft Visual Studio Solution File, Format Version 12.00
# Visual Studio 15
VisualStudioVersion = 15.0.28010.2019
MinimumVisualStudioVersion = 10.0.40219.1
Project("{FAE04EC0-301F-11D3-BF4B-00C04F79EFBC}") = "ExtensionMethods", "ExtensionMethods\ExtensionMethods.csproj", "{868E0CFF-0798-40E5-9573-5742B17510A2}"
EndProject
Global
	GlobalSection(SolutionConfigurationPlatforms) = preSolution
		Debug|Any CPU = Debug|Any CPU
		Release|Any CPU = Release|Any CPU
	EndGlobalSection
	GlobalSection(ProjectConfigurationPlatforms) = postSolution
		{868E0CFF-0798-40E5-9573-5742B17510A2}.Debug|Any CPU.ActiveCfg = Debug|Any CPU
		{868E0CFF-0798-40E5-9573-5742B17510A2}.Debug|Any CPU.Build.0 = Debug|Any CPU
		{868E0CFF-0798-40E5-9573-5742B17510A2}.Release|Any CPU.ActiveCfg = Release|Any CPU
		{868E0CFF-0798-40E5-9573-5742B17510A2}.Release|Any CPU.Build.0 = Release|Any CPU
	EndGlobalSection
	GlobalSection(SolutionProperties) = preSolution
		HideSolutionNode = FALSE
	EndGlobalSection
	GlobalSection(ExtensibilityGlobals) = postSolution
		SolutionGuid = {22CD10A1-3966-4AB7-A60D-A685C69D4E2C}
	EndGlobalSection
EndGlobal
