
Microsoft Visual Studio Solution File, Format Version 12.00
# Visual Studio 15
VisualStudioVersion = 15.0.27703.2042
MinimumVisualStudioVersion = 10.0.40219.1
Project("{FAE04EC0-301F-11D3-BF4B-00C04F79EFBC}") = "Client", "Client\Client.csproj", "{F8E8C5E9-6E64-45BC-BAE7-5D3F7943F8B1}"
EndProject
Project("{FAE04EC0-301F-11D3-BF4B-00C04F79EFBC}") = "Server", "Server\Server.csproj", "{3112A521-D29A-43B5-BF78-21C94446F20F}"
EndProject
Project("{FAE04EC0-301F-11D3-BF4B-00C04F79EFBC}") = "Common", "Common\Common.csproj", "{5D00AAB9-3958-4578-8EA9-6B2FCBEE02CD}"
EndProject
Global
	GlobalSection(SolutionConfigurationPlatforms) = preSolution
		Debug|Any CPU = Debug|Any CPU
		Release|Any CPU = Release|Any CPU
	EndGlobalSection
	GlobalSection(ProjectConfigurationPlatforms) = postSolution
		{F8E8C5E9-6E64-45BC-BAE7-5D3F7943F8B1}.Debug|Any CPU.ActiveCfg = Debug|Any CPU
		{F8E8C5E9-6E64-45BC-BAE7-5D3F7943F8B1}.Debug|Any CPU.Build.0 = Debug|Any CPU
		{F8E8C5E9-6E64-45BC-BAE7-5D3F7943F8B1}.Release|Any CPU.ActiveCfg = Release|Any CPU
		{F8E8C5E9-6E64-45BC-BAE7-5D3F7943F8B1}.Release|Any CPU.Build.0 = Release|Any CPU
		{3112A521-D29A-43B5-BF78-21C94446F20F}.Debug|Any CPU.ActiveCfg = Debug|Any CPU
		{3112A521-D29A-43B5-BF78-21C94446F20F}.Debug|Any CPU.Build.0 = Debug|Any CPU
		{3112A521-D29A-43B5-BF78-21C94446F20F}.Release|Any CPU.ActiveCfg = Release|Any CPU
		{3112A521-D29A-43B5-BF78-21C94446F20F}.Release|Any CPU.Build.0 = Release|Any CPU
		{5D00AAB9-3958-4578-8EA9-6B2FCBEE02CD}.Debug|Any CPU.ActiveCfg = Debug|Any CPU
		{5D00AAB9-3958-4578-8EA9-6B2FCBEE02CD}.Debug|Any CPU.Build.0 = Debug|Any CPU
		{5D00AAB9-3958-4578-8EA9-6B2FCBEE02CD}.Release|Any CPU.ActiveCfg = Release|Any CPU
		{5D00AAB9-3958-4578-8EA9-6B2FCBEE02CD}.Release|Any CPU.Build.0 = Release|Any CPU
	EndGlobalSection
	GlobalSection(SolutionProperties) = preSolution
		HideSolutionNode = FALSE
	EndGlobalSection
	GlobalSection(ExtensibilityGlobals) = postSolution
		SolutionGuid = {C7458F56-7D2E-4261-87A7-11BB19273ABF}
	EndGlobalSection
EndGlobal
