
Microsoft Visual Studio Solution File, Format Version 12.00
# Visual Studio 15
VisualStudioVersion = 15.0.28010.2036
MinimumVisualStudioVersion = 10.0.40219.1
Project("{FAE04EC0-301F-11D3-BF4B-00C04F79EFBC}") = "Deadlock", "Deadlock\Deadlock.csproj", "{06E1058C-29E1-4A98-95DB-F55880623289}"
EndProject
Global
	GlobalSection(SolutionConfigurationPlatforms) = preSolution
		Debug|Any CPU = Debug|Any CPU
		Release|Any CPU = Release|Any CPU
	EndGlobalSection
	GlobalSection(ProjectConfigurationPlatforms) = postSolution
		{06E1058C-29E1-4A98-95DB-F55880623289}.Debug|Any CPU.ActiveCfg = Debug|Any CPU
		{06E1058C-29E1-4A98-95DB-F55880623289}.Debug|Any CPU.Build.0 = Debug|Any CPU
		{06E1058C-29E1-4A98-95DB-F55880623289}.Release|Any CPU.ActiveCfg = Release|Any CPU
		{06E1058C-29E1-4A98-95DB-F55880623289}.Release|Any CPU.Build.0 = Release|Any CPU
	EndGlobalSection
	GlobalSection(SolutionProperties) = preSolution
		HideSolutionNode = FALSE
	EndGlobalSection
	GlobalSection(ExtensibilityGlobals) = postSolution
		SolutionGuid = {1CCC8D80-429D-45AF-ADAF-05DB9A534D83}
	EndGlobalSection
EndGlobal
