
Microsoft Visual Studio Solution File, Format Version 12.00
# Visual Studio 15
VisualStudioVersion = 15.0.28010.2019
MinimumVisualStudioVersion = 10.0.40219.1
Project("{FAE04EC0-301F-11D3-BF4B-00C04F79EFBC}") = "Nullable", "Nullable\Nullable.csproj", "{B0117F27-64E0-4A44-9442-EC63E3047AB5}"
EndProject
Global
	GlobalSection(SolutionConfigurationPlatforms) = preSolution
		Debug|Any CPU = Debug|Any CPU
		Release|Any CPU = Release|Any CPU
	EndGlobalSection
	GlobalSection(ProjectConfigurationPlatforms) = postSolution
		{B0117F27-64E0-4A44-9442-EC63E3047AB5}.Debug|Any CPU.ActiveCfg = Debug|Any CPU
		{B0117F27-64E0-4A44-9442-EC63E3047AB5}.Debug|Any CPU.Build.0 = Debug|Any CPU
		{B0117F27-64E0-4A44-9442-EC63E3047AB5}.Release|Any CPU.ActiveCfg = Release|Any CPU
		{B0117F27-64E0-4A44-9442-EC63E3047AB5}.Release|Any CPU.Build.0 = Release|Any CPU
	EndGlobalSection
	GlobalSection(SolutionProperties) = preSolution
		HideSolutionNode = FALSE
	EndGlobalSection
	GlobalSection(ExtensibilityGlobals) = postSolution
		SolutionGuid = {C24ED8DA-E0DE-4BF4-AAD9-8D249BA1005C}
	EndGlobalSection
EndGlobal
