
Microsoft Visual Studio Solution File, Format Version 12.00
# Visual Studio 15
VisualStudioVersion = 15.0.28010.2003
MinimumVisualStudioVersion = 10.0.40219.1
Project("{FAE04EC0-301F-11D3-BF4B-00C04F79EFBC}") = "DB", "DB\DB.csproj", "{7BE6EC74-24AD-4024-A77F-9CE4CEB24AFB}"
EndProject
Global
	GlobalSection(SolutionConfigurationPlatforms) = preSolution
		Debug|Any CPU = Debug|Any CPU
		Release|Any CPU = Release|Any CPU
	EndGlobalSection
	GlobalSection(ProjectConfigurationPlatforms) = postSolution
		{7BE6EC74-24AD-4024-A77F-9CE4CEB24AFB}.Debug|Any CPU.ActiveCfg = Debug|Any CPU
		{7BE6EC74-24AD-4024-A77F-9CE4CEB24AFB}.Debug|Any CPU.Build.0 = Debug|Any CPU
		{7BE6EC74-24AD-4024-A77F-9CE4CEB24AFB}.Release|Any CPU.ActiveCfg = Release|Any CPU
		{7BE6EC74-24AD-4024-A77F-9CE4CEB24AFB}.Release|Any CPU.Build.0 = Release|Any CPU
	EndGlobalSection
	GlobalSection(SolutionProperties) = preSolution
		HideSolutionNode = FALSE
	EndGlobalSection
	GlobalSection(ExtensibilityGlobals) = postSolution
		SolutionGuid = {8BF07320-7862-4D2B-B0E3-6BC21C9507E0}
	EndGlobalSection
EndGlobal
