
Microsoft Visual Studio Solution File, Format Version 12.00
# Visual Studio 15
VisualStudioVersion = 15.0.28010.2036
MinimumVisualStudioVersion = 10.0.40219.1
Project("{FAE04EC0-301F-11D3-BF4B-00C04F79EFBC}") = "UI", "UI\UI.csproj", "{1AF9EC41-EE5B-4549-A4AB-E78F4DB8A737}"
EndProject
Project("{FAE04EC0-301F-11D3-BF4B-00C04F79EFBC}") = "SQLite Lib", "SQLite Lib\SQLite Lib.csproj", "{15DF84D8-BC29-4D93-80A3-977654C1BBB1}"
EndProject
Global
	GlobalSection(SolutionConfigurationPlatforms) = preSolution
		Debug|Any CPU = Debug|Any CPU
		Release|Any CPU = Release|Any CPU
	EndGlobalSection
	GlobalSection(ProjectConfigurationPlatforms) = postSolution
		{1AF9EC41-EE5B-4549-A4AB-E78F4DB8A737}.Debug|Any CPU.ActiveCfg = Debug|Any CPU
		{1AF9EC41-EE5B-4549-A4AB-E78F4DB8A737}.Debug|Any CPU.Build.0 = Debug|Any CPU
		{1AF9EC41-EE5B-4549-A4AB-E78F4DB8A737}.Release|Any CPU.ActiveCfg = Release|Any CPU
		{1AF9EC41-EE5B-4549-A4AB-E78F4DB8A737}.Release|Any CPU.Build.0 = Release|Any CPU
		{15DF84D8-BC29-4D93-80A3-977654C1BBB1}.Debug|Any CPU.ActiveCfg = Debug|Any CPU
		{15DF84D8-BC29-4D93-80A3-977654C1BBB1}.Debug|Any CPU.Build.0 = Debug|Any CPU
		{15DF84D8-BC29-4D93-80A3-977654C1BBB1}.Release|Any CPU.ActiveCfg = Release|Any CPU
		{15DF84D8-BC29-4D93-80A3-977654C1BBB1}.Release|Any CPU.Build.0 = Release|Any CPU
	EndGlobalSection
	GlobalSection(SolutionProperties) = preSolution
		HideSolutionNode = FALSE
	EndGlobalSection
	GlobalSection(ExtensibilityGlobals) = postSolution
		SolutionGuid = {49F3CBE3-6234-4145-BE27-4CA5874A1E0C}
	EndGlobalSection
EndGlobal
