
Microsoft Visual Studio Solution File, Format Version 12.00
# Visual Studio 15
VisualStudioVersion = 15.0.27703.2042
MinimumVisualStudioVersion = 10.0.40219.1
Project("{FAE04EC0-301F-11D3-BF4B-00C04F79EFBC}") = "ScreenShot_Project", "ScreenShot_Project\ScreenShot_Project.csproj", "{09EBA2F5-C2E3-4516-B365-3C35E0B466DB}"
EndProject
Global
	GlobalSection(SolutionConfigurationPlatforms) = preSolution
		Debug|Any CPU = Debug|Any CPU
		Release|Any CPU = Release|Any CPU
	EndGlobalSection
	GlobalSection(ProjectConfigurationPlatforms) = postSolution
		{09EBA2F5-C2E3-4516-B365-3C35E0B466DB}.Debug|Any CPU.ActiveCfg = Debug|Any CPU
		{09EBA2F5-C2E3-4516-B365-3C35E0B466DB}.Debug|Any CPU.Build.0 = Debug|Any CPU
		{09EBA2F5-C2E3-4516-B365-3C35E0B466DB}.Release|Any CPU.ActiveCfg = Release|Any CPU
		{09EBA2F5-C2E3-4516-B365-3C35E0B466DB}.Release|Any CPU.Build.0 = Release|Any CPU
	EndGlobalSection
	GlobalSection(SolutionProperties) = preSolution
		HideSolutionNode = FALSE
	EndGlobalSection
	GlobalSection(ExtensibilityGlobals) = postSolution
		SolutionGuid = {D15842DC-A1AE-4CD0-8970-87C9FF71A8F9}
	EndGlobalSection
EndGlobal
