
Microsoft Visual Studio Solution File, Format Version 12.00
# Visual Studio 15
VisualStudioVersion = 15.0.28010.2036
MinimumVisualStudioVersion = 10.0.40219.1
Project("{FAE04EC0-301F-11D3-BF4B-00C04F79EFBC}") = "AsyncAndAwait", "AsyncAndAwait\AsyncAndAwait.csproj", "{0B3A47C7-BC98-49FD-B256-8AD7029C4B10}"
EndProject
Global
	GlobalSection(SolutionConfigurationPlatforms) = preSolution
		Debug|Any CPU = Debug|Any CPU
		Release|Any CPU = Release|Any CPU
	EndGlobalSection
	GlobalSection(ProjectConfigurationPlatforms) = postSolution
		{0B3A47C7-BC98-49FD-B256-8AD7029C4B10}.Debug|Any CPU.ActiveCfg = Debug|Any CPU
		{0B3A47C7-BC98-49FD-B256-8AD7029C4B10}.Debug|Any CPU.Build.0 = Debug|Any CPU
		{0B3A47C7-BC98-49FD-B256-8AD7029C4B10}.Release|Any CPU.ActiveCfg = Release|Any CPU
		{0B3A47C7-BC98-49FD-B256-8AD7029C4B10}.Release|Any CPU.Build.0 = Release|Any CPU
	EndGlobalSection
	GlobalSection(SolutionProperties) = preSolution
		HideSolutionNode = FALSE
	EndGlobalSection
	GlobalSection(ExtensibilityGlobals) = postSolution
		SolutionGuid = {D1C52323-D103-4E3D-9383-B4273DB4BBB9}
	EndGlobalSection
EndGlobal
