
Microsoft Visual Studio Solution File, Format Version 12.00
# Visual Studio 15
VisualStudioVersion = 15.0.28010.2019
MinimumVisualStudioVersion = 10.0.40219.1
Project("{FAE04EC0-301F-11D3-BF4B-00C04F79EFBC}") = "Delegate", "Delegate\Delegate.csproj", "{53E7EF3C-A7A9-431A-86B2-FC1E467E77E7}"
EndProject
Global
	GlobalSection(SolutionConfigurationPlatforms) = preSolution
		Debug|Any CPU = Debug|Any CPU
		Release|Any CPU = Release|Any CPU
	EndGlobalSection
	GlobalSection(ProjectConfigurationPlatforms) = postSolution
		{53E7EF3C-A7A9-431A-86B2-FC1E467E77E7}.Debug|Any CPU.ActiveCfg = Debug|Any CPU
		{53E7EF3C-A7A9-431A-86B2-FC1E467E77E7}.Debug|Any CPU.Build.0 = Debug|Any CPU
		{53E7EF3C-A7A9-431A-86B2-FC1E467E77E7}.Release|Any CPU.ActiveCfg = Release|Any CPU
		{53E7EF3C-A7A9-431A-86B2-FC1E467E77E7}.Release|Any CPU.Build.0 = Release|Any CPU
	EndGlobalSection
	GlobalSection(SolutionProperties) = preSolution
		HideSolutionNode = FALSE
	EndGlobalSection
	GlobalSection(ExtensibilityGlobals) = postSolution
		SolutionGuid = {E0CAE5C3-C6D3-4511-8E76-47A2385A404E}
	EndGlobalSection
EndGlobal
