
Microsoft Visual Studio Solution File, Format Version 12.00
# Visual Studio 15
VisualStudioVersion = 15.0.28010.2003
MinimumVisualStudioVersion = 10.0.40219.1
Project("{FAE04EC0-301F-11D3-BF4B-00C04F79EFBC}") = "Server", "Server\Server.csproj", "{C85C3D74-4177-4967-AFFF-DEB6947A0273}"
EndProject
Project("{FAE04EC0-301F-11D3-BF4B-00C04F79EFBC}") = "Client", "Client\Client.csproj", "{8D2FC76F-559D-4353-B0F5-33BC38E2EE63}"
EndProject
Project("{FAE04EC0-301F-11D3-BF4B-00C04F79EFBC}") = "Common", "Common\Common.csproj", "{3242ED2E-A4E7-40D6-ADA8-3ABE6937CD8A}"
EndProject
Global
	GlobalSection(SolutionConfigurationPlatforms) = preSolution
		Debug|Any CPU = Debug|Any CPU
		Release|Any CPU = Release|Any CPU
	EndGlobalSection
	GlobalSection(ProjectConfigurationPlatforms) = postSolution
		{C85C3D74-4177-4967-AFFF-DEB6947A0273}.Debug|Any CPU.ActiveCfg = Debug|Any CPU
		{C85C3D74-4177-4967-AFFF-DEB6947A0273}.Debug|Any CPU.Build.0 = Debug|Any CPU
		{C85C3D74-4177-4967-AFFF-DEB6947A0273}.Release|Any CPU.ActiveCfg = Release|Any CPU
		{C85C3D74-4177-4967-AFFF-DEB6947A0273}.Release|Any CPU.Build.0 = Release|Any CPU
		{8D2FC76F-559D-4353-B0F5-33BC38E2EE63}.Debug|Any CPU.ActiveCfg = Debug|Any CPU
		{8D2FC76F-559D-4353-B0F5-33BC38E2EE63}.Debug|Any CPU.Build.0 = Debug|Any CPU
		{8D2FC76F-559D-4353-B0F5-33BC38E2EE63}.Release|Any CPU.ActiveCfg = Release|Any CPU
		{8D2FC76F-559D-4353-B0F5-33BC38E2EE63}.Release|Any CPU.Build.0 = Release|Any CPU
		{3242ED2E-A4E7-40D6-ADA8-3ABE6937CD8A}.Debug|Any CPU.ActiveCfg = Debug|Any CPU
		{3242ED2E-A4E7-40D6-ADA8-3ABE6937CD8A}.Debug|Any CPU.Build.0 = Debug|Any CPU
		{3242ED2E-A4E7-40D6-ADA8-3ABE6937CD8A}.Release|Any CPU.ActiveCfg = Release|Any CPU
		{3242ED2E-A4E7-40D6-ADA8-3ABE6937CD8A}.Release|Any CPU.Build.0 = Release|Any CPU
	EndGlobalSection
	GlobalSection(SolutionProperties) = preSolution
		HideSolutionNode = FALSE
	EndGlobalSection
	GlobalSection(ExtensibilityGlobals) = postSolution
		SolutionGuid = {3E2C07FA-3856-48D8-951C-B23F5F54D71E}
	EndGlobalSection
EndGlobal
