
Microsoft Visual Studio Solution File, Format Version 12.00
# Visual Studio 15
VisualStudioVersion = 15.0.27703.2042
MinimumVisualStudioVersion = 10.0.40219.1
Project("{FAE04EC0-301F-11D3-BF4B-00C04F79EFBC}") = "DB_Intro_v2", "DB_Intro_v2\DB_Intro_v2.csproj", "{D582808C-E22A-4BC4-A70B-1512807185B9}"
EndProject
Global
	GlobalSection(SolutionConfigurationPlatforms) = preSolution
		Debug|Any CPU = Debug|Any CPU
		Release|Any CPU = Release|Any CPU
	EndGlobalSection
	GlobalSection(ProjectConfigurationPlatforms) = postSolution
		{D582808C-E22A-4BC4-A70B-1512807185B9}.Debug|Any CPU.ActiveCfg = Debug|Any CPU
		{D582808C-E22A-4BC4-A70B-1512807185B9}.Debug|Any CPU.Build.0 = Debug|Any CPU
		{D582808C-E22A-4BC4-A70B-1512807185B9}.Release|Any CPU.ActiveCfg = Release|Any CPU
		{D582808C-E22A-4BC4-A70B-1512807185B9}.Release|Any CPU.Build.0 = Release|Any CPU
	EndGlobalSection
	GlobalSection(SolutionProperties) = preSolution
		HideSolutionNode = FALSE
	EndGlobalSection
	GlobalSection(ExtensibilityGlobals) = postSolution
		SolutionGuid = {DA6B2FF7-2388-49D7-B74E-EB17FC64A6BC}
	EndGlobalSection
EndGlobal
