
Microsoft Visual Studio Solution File, Format Version 12.00
# Visual Studio 15
VisualStudioVersion = 15.0.27428.2015
MinimumVisualStudioVersion = 10.0.40219.1
Project("{FAE04EC0-301F-11D3-BF4B-00C04F79EFBC}") = "Bot_Project", "Bot_Project\Bot_Project.csproj", "{67527FE9-C9DC-4FA3-B513-3F0E05F3EAA7}"
EndProject
Global
	GlobalSection(SolutionConfigurationPlatforms) = preSolution
		Debug|Any CPU = Debug|Any CPU
		Release|Any CPU = Release|Any CPU
	EndGlobalSection
	GlobalSection(ProjectConfigurationPlatforms) = postSolution
		{67527FE9-C9DC-4FA3-B513-3F0E05F3EAA7}.Debug|Any CPU.ActiveCfg = Debug|Any CPU
		{67527FE9-C9DC-4FA3-B513-3F0E05F3EAA7}.Debug|Any CPU.Build.0 = Debug|Any CPU
		{67527FE9-C9DC-4FA3-B513-3F0E05F3EAA7}.Release|Any CPU.ActiveCfg = Release|Any CPU
		{67527FE9-C9DC-4FA3-B513-3F0E05F3EAA7}.Release|Any CPU.Build.0 = Release|Any CPU
	EndGlobalSection
	GlobalSection(SolutionProperties) = preSolution
		HideSolutionNode = FALSE
	EndGlobalSection
	GlobalSection(ExtensibilityGlobals) = postSolution
		SolutionGuid = {AB6896E3-ED8A-4924-8D7D-EBFDF21C5AD7}
	EndGlobalSection
EndGlobal
