
Microsoft Visual Studio Solution File, Format Version 12.00
# Visual Studio 15
VisualStudioVersion = 15.0.27428.2015
MinimumVisualStudioVersion = 10.0.40219.1
Project("{FAE04EC0-301F-11D3-BF4B-00C04F79EFBC}") = "MP3Player_Project", "MP3Player_Project\MP3Player_Project.csproj", "{7C149A8A-11F5-4DD9-BFD0-605B0A655746}"
EndProject
Global
	GlobalSection(SolutionConfigurationPlatforms) = preSolution
		Debug|Any CPU = Debug|Any CPU
		Release|Any CPU = Release|Any CPU
	EndGlobalSection
	GlobalSection(ProjectConfigurationPlatforms) = postSolution
		{7C149A8A-11F5-4DD9-BFD0-605B0A655746}.Debug|Any CPU.ActiveCfg = Debug|Any CPU
		{7C149A8A-11F5-4DD9-BFD0-605B0A655746}.Debug|Any CPU.Build.0 = Debug|Any CPU
		{7C149A8A-11F5-4DD9-BFD0-605B0A655746}.Release|Any CPU.ActiveCfg = Release|Any CPU
		{7C149A8A-11F5-4DD9-BFD0-605B0A655746}.Release|Any CPU.Build.0 = Release|Any CPU
	EndGlobalSection
	GlobalSection(SolutionProperties) = preSolution
		HideSolutionNode = FALSE
	EndGlobalSection
	GlobalSection(ExtensibilityGlobals) = postSolution
		SolutionGuid = {026129AE-13F1-4491-899E-AB1C25E08609}
	EndGlobalSection
EndGlobal
