
Microsoft Visual Studio Solution File, Format Version 12.00
# Visual Studio 15
VisualStudioVersion = 15.0.28010.2036
MinimumVisualStudioVersion = 10.0.40219.1
Project("{FAE04EC0-301F-11D3-BF4B-00C04F79EFBC}") = "DemoLib", "DemoLib\DemoLib.csproj", "{C9E450DD-3CF6-4194-9242-848024C755D2}"
EndProject
Project("{FAE04EC0-301F-11D3-BF4B-00C04F79EFBC}") = "DemoApi", "DemoApi\DemoApi.csproj", "{039194B2-D855-4700-B3ED-9267895A9F78}"
EndProject
Global
	GlobalSection(SolutionConfigurationPlatforms) = preSolution
		Debug|Any CPU = Debug|Any CPU
		Release|Any CPU = Release|Any CPU
	EndGlobalSection
	GlobalSection(ProjectConfigurationPlatforms) = postSolution
		{C9E450DD-3CF6-4194-9242-848024C755D2}.Debug|Any CPU.ActiveCfg = Debug|Any CPU
		{C9E450DD-3CF6-4194-9242-848024C755D2}.Debug|Any CPU.Build.0 = Debug|Any CPU
		{C9E450DD-3CF6-4194-9242-848024C755D2}.Release|Any CPU.ActiveCfg = Release|Any CPU
		{C9E450DD-3CF6-4194-9242-848024C755D2}.Release|Any CPU.Build.0 = Release|Any CPU
		{039194B2-D855-4700-B3ED-9267895A9F78}.Debug|Any CPU.ActiveCfg = Debug|Any CPU
		{039194B2-D855-4700-B3ED-9267895A9F78}.Debug|Any CPU.Build.0 = Debug|Any CPU
		{039194B2-D855-4700-B3ED-9267895A9F78}.Release|Any CPU.ActiveCfg = Release|Any CPU
		{039194B2-D855-4700-B3ED-9267895A9F78}.Release|Any CPU.Build.0 = Release|Any CPU
	EndGlobalSection
	GlobalSection(SolutionProperties) = preSolution
		HideSolutionNode = FALSE
	EndGlobalSection
	GlobalSection(ExtensibilityGlobals) = postSolution
		SolutionGuid = {420FE77F-E810-4742-BABB-FF929A5A2D8F}
	EndGlobalSection
EndGlobal
