
Microsoft Visual Studio Solution File, Format Version 12.00
# Visual Studio 15
VisualStudioVersion = 15.0.28010.2019
MinimumVisualStudioVersion = 10.0.40219.1
Project("{FAE04EC0-301F-11D3-BF4B-00C04F79EFBC}") = "MVVM", "MVVM\MVVM.csproj", "{B6FE06EB-A4EC-4ECE-A68A-4269061BEDBC}"
EndProject
Global
	GlobalSection(SolutionConfigurationPlatforms) = preSolution
		Debug|Any CPU = Debug|Any CPU
		Release|Any CPU = Release|Any CPU
	EndGlobalSection
	GlobalSection(ProjectConfigurationPlatforms) = postSolution
		{B6FE06EB-A4EC-4ECE-A68A-4269061BEDBC}.Debug|Any CPU.ActiveCfg = Debug|Any CPU
		{B6FE06EB-A4EC-4ECE-A68A-4269061BEDBC}.Debug|Any CPU.Build.0 = Debug|Any CPU
		{B6FE06EB-A4EC-4ECE-A68A-4269061BEDBC}.Release|Any CPU.ActiveCfg = Release|Any CPU
		{B6FE06EB-A4EC-4ECE-A68A-4269061BEDBC}.Release|Any CPU.Build.0 = Release|Any CPU
	EndGlobalSection
	GlobalSection(SolutionProperties) = preSolution
		HideSolutionNode = FALSE
	EndGlobalSection
	GlobalSection(ExtensibilityGlobals) = postSolution
		SolutionGuid = {2E187601-DFEE-4684-9720-13F9999CCAB3}
	EndGlobalSection
EndGlobal
